# This file is automatically @generated by Cargo.
# It is not intended for manual editing.
version = 4

[[package]]
name = "aes"
version = "0.9.0-rc.2"
source = "registry+https://github.com/rust-lang/crates.io-index"
checksum = "fd9e1c818b25efb32214df89b0ec22f01aa397aaeb718d1022bf0635a3bfd1a8"
dependencies = [
 "cfg-if",
 "cipher",
 "cpufeatures",
]

[[package]]
name = "belt-block"
version = "0.2.0-rc.2"
source = "registry+https://github.com/rust-lang/crates.io-index"
checksum = "e34d9cc93a6506887eed92e4e9459c13469eee4ef2b2af305a182ebf53e4d6a3"
dependencies = [
 "cipher",
]

[[package]]
name = "belt-ctr"
version = "0.2.0-rc.2"
dependencies = [
 "belt-block",
 "cipher",
 "hex-literal",
]

[[package]]
name = "blobby"
version = "0.4.0"
source = "registry+https://github.com/rust-lang/crates.io-index"
checksum = "89af0b093cc13baa4e51e64e65ec2422f7e73aea0e612e5ad3872986671622f1"

[[package]]
name = "block-buffer"
version = "0.11.0"
source = "registry+https://github.com/rust-lang/crates.io-index"
checksum = "96eb4cdd6cf1b31d671e9efe75c5d1ec614776856cefbe109ca373554a6d514f"
dependencies = [
 "hybrid-array",
 "zeroize",
]

[[package]]
name = "block-padding"
version = "0.4.2"
source = "registry+https://github.com/rust-lang/crates.io-index"
checksum = "710f1dd022ef4e93f8a438b4ba958de7f64308434fa6a87104481645cc30068b"
dependencies = [
 "hybrid-array",
]

[[package]]
name = "cbc"
version = "0.2.0-rc.2"
dependencies = [
 "aes",
 "cipher",
 "hex-literal",
]

[[package]]
name = "cfb-mode"
version = "0.9.0-rc.2"
dependencies = [
 "aes",
 "belt-block",
 "cipher",
 "hex-literal",
]

[[package]]
name = "cfb8"
version = "0.9.0-rc.2"
dependencies = [
 "aes",
 "cipher",
 "hex-literal",
]

[[package]]
name = "cfg-if"
version = "1.0.3"
source = "registry+https://github.com/rust-lang/crates.io-index"
checksum = "2fd1289c04a9ea8cb22300a459a72a385d7c73d3259e2ed7dcb2af674838cfa9"

[[package]]
name = "cipher"
version = "0.5.0-rc.3"
source = "registry+https://github.com/rust-lang/crates.io-index"
checksum = "98d708bac5451350d56398433b19a7889022fa9187df1a769c0edbc3b2c03167"
dependencies = [
 "blobby",
 "block-buffer",
 "crypto-common",
 "inout",
 "zeroize",
]

[[package]]
name = "cpufeatures"
version = "0.2.17"
source = "registry+https://github.com/rust-lang/crates.io-index"
checksum = "59ed5838eebb26a2bb2e58f6d5b5316989ae9d08bab10e0e6d103e656d1b0280"
dependencies = [
 "libc",
]

[[package]]
name = "crypto-common"
version = "0.2.0-rc.8"
source = "registry+https://github.com/rust-lang/crates.io-index"
checksum = "e6165b8029cdc3e765b74d3548f85999ee799d5124877ce45c2c85ca78e4d4aa"
dependencies = [
 "hybrid-array",
]

[[package]]
name = "ctr"
version = "0.10.0-rc.2"
dependencies = [
 "aes",
 "cipher",
 "hex-literal",
 "kuznyechik",
 "magma",
]

[[package]]
name = "cts"
version = "0.7.0-rc.2"
dependencies = [
 "aes",
 "belt-block",
 "cipher",
 "hex-literal",
]

[[package]]
name = "hex-literal"
version = "1.0.0"
source = "registry+https://github.com/rust-lang/crates.io-index"
checksum = "bcaaec4551594c969335c98c903c1397853d4198408ea609190f420500f6be71"

[[package]]
name = "hybrid-array"
version = "0.4.5"
source = "registry+https://github.com/rust-lang/crates.io-index"
checksum = "f471e0a81b2f90ffc0cb2f951ae04da57de8baa46fa99112b062a5173a5088d0"
dependencies = [
 "typenum",
 "zeroize",
]

[[package]]
name = "ige"
version = "0.2.0-rc.2"
dependencies = [
 "aes",
 "cipher",
 "hex-literal",
]

[[package]]
name = "inout"
version = "0.2.1"
source = "registry+https://github.com/rust-lang/crates.io-index"
checksum = "c7357b6e7aa75618c7864ebd0634b115a7218b0615f4cb1df33ac3eca23943d4"
dependencies = [
 "block-padding",
 "hybrid-array",
]

[[package]]
name = "kuznyechik"
version = "0.9.0-rc.2"
source = "registry+https://github.com/rust-lang/crates.io-index"
checksum = "f692f9023c6a17c2646c2751b169c9136d517718505531f2af18bd2b69780f13"
dependencies = [
 "cfg-if",
 "cipher",
]

[[package]]
name = "libc"
version = "0.2.175"
source = "registry+https://github.com/rust-lang/crates.io-index"
checksum = "6a82ae493e598baaea5209805c49bbf2ea7de956d50d7da0da1164f9c6d28543"

[[package]]
name = "magma"
version = "0.10.0-rc.2"
source = "registry+https://github.com/rust-lang/crates.io-index"
checksum = "0a050323412d2adf0ad86903bc188640b1abba7da0ab6450e035437fce7596d7"
dependencies = [
 "cipher",
]

[[package]]
name = "ofb"
version = "0.7.0-rc.2"
dependencies = [
 "aes",
 "cipher",
 "hex-literal",
]

[[package]]
name = "pcbc"
version = "0.2.0-rc.2"
dependencies = [
 "aes",
 "cipher",
 "hex-literal",
]

[[package]]
name = "typenum"
version = "1.18.0"
source = "registry+https://github.com/rust-lang/crates.io-index"
checksum = "1dccffe3ce07af9386bfd29e80c0ab1a8205a2fc34e4bcd40364df902cfa8f3f"

[[package]]
name = "zeroize"
version = "1.8.1"
source = "registry+https://github.com/rust-lang/crates.io-index"
checksum = "ced3678a2879b30306d323f4542626697a464a97c0a07c9aebf7ebca65cd4dde"
