# This file is automatically @generated by Cargo.
# It is not intended for manual editing.
version = 4

[[package]]
name = "aes"
version = "0.9.0-pre.2"
source = "git+https://github.com/RustCrypto/block-ciphers.git#bb7623cf85b416c8c61d89dd11573e6e7f961720"
dependencies = [
 "cfg-if",
 "cipher",
 "cpufeatures",
]

[[package]]
name = "belt-block"
version = "0.2.0-pre.2"
source = "git+https://github.com/RustCrypto/block-ciphers.git#bb7623cf85b416c8c61d89dd11573e6e7f961720"
dependencies = [
 "cipher",
]

[[package]]
name = "belt-ctr"
version = "0.2.0-pre"
dependencies = [
 "belt-block",
 "cipher",
 "hex-literal",
]

[[package]]
name = "blobby"
version = "0.4.0-pre.0"
source = "registry+https://github.com/rust-lang/crates.io-index"
checksum = "4a859067dcb257cb2ae028cb821399b55140b76fb8b2a360e052fe109019db43"

[[package]]
name = "block-padding"
version = "0.4.0-rc.3"
source = "registry+https://github.com/rust-lang/crates.io-index"
checksum = "ee88d14c41bbae2e333f574a27fc73d96fe1039e5a356c20d06a7f2a34cd8e5a"
dependencies = [
 "hybrid-array",
]

[[package]]
name = "cbc"
version = "0.2.0-pre.2"
dependencies = [
 "aes",
 "cipher",
 "hex-literal",
]

[[package]]
name = "cfb-mode"
version = "0.9.0-pre"
dependencies = [
 "aes",
 "belt-block",
 "cipher",
 "hex-literal",
]

[[package]]
name = "cfb8"
version = "0.9.0-pre"
dependencies = [
 "aes",
 "cipher",
 "hex-literal",
]

[[package]]
name = "cfg-if"
version = "1.0.0"
source = "registry+https://github.com/rust-lang/crates.io-index"
checksum = "baf1de4339761588bc0619e3cbc0120ee582ebb74b53b4efbf79117bd2da40fd"

[[package]]
name = "cipher"
version = "0.5.0-pre.8"
source = "registry+https://github.com/rust-lang/crates.io-index"
checksum = "276974d2acb7cf592603150941fc1ff6442acdeb1dc653ac2825928f4703c131"
dependencies = [
 "blobby",
 "crypto-common",
 "inout",
 "zeroize",
]

[[package]]
name = "cpufeatures"
version = "0.2.17"
source = "registry+https://github.com/rust-lang/crates.io-index"
checksum = "59ed5838eebb26a2bb2e58f6d5b5316989ae9d08bab10e0e6d103e656d1b0280"
dependencies = [
 "libc",
]

[[package]]
name = "crypto-common"
version = "0.2.0-rc.2"
source = "registry+https://github.com/rust-lang/crates.io-index"
checksum = "170d71b5b14dec99db7739f6fc7d6ec2db80b78c3acb77db48392ccc3d8a9ea0"
dependencies = [
 "hybrid-array",
]

[[package]]
name = "ctr"
version = "0.10.0-pre.2"
dependencies = [
 "aes",
 "cipher",
 "hex-literal",
 "kuznyechik",
 "magma",
]

[[package]]
name = "cts"
version = "0.6.0"
dependencies = [
 "aes",
 "belt-block",
 "cipher",
 "hex-literal",
]

[[package]]
name = "hex-literal"
version = "0.4.1"
source = "registry+https://github.com/rust-lang/crates.io-index"
checksum = "6fe2267d4ed49bc07b63801559be28c718ea06c4738b7a03c94df7386d2cde46"

[[package]]
name = "hybrid-array"
version = "0.3.0"
source = "registry+https://github.com/rust-lang/crates.io-index"
checksum = "4dab50e193aebe510fe0e40230145820e02f48dae0cf339ea4204e6e708ff7bd"
dependencies = [
 "typenum",
 "zeroize",
]

[[package]]
name = "ige"
version = "0.2.0-pre"
dependencies = [
 "aes",
 "cipher",
 "hex-literal",
]

[[package]]
name = "inout"
version = "0.2.0-rc.4"
source = "registry+https://github.com/rust-lang/crates.io-index"
checksum = "ac5e145e8ade9f74c0a5efc60ccb4e714b0144f7e2220b7ca64254feee71c57f"
dependencies = [
 "block-padding",
 "hybrid-array",
]

[[package]]
name = "kuznyechik"
version = "0.9.0-pre.2"
source = "git+https://github.com/RustCrypto/block-ciphers.git#bb7623cf85b416c8c61d89dd11573e6e7f961720"
dependencies = [
 "cfg-if",
 "cipher",
]

[[package]]
name = "libc"
version = "0.2.170"
source = "registry+https://github.com/rust-lang/crates.io-index"
checksum = "875b3680cb2f8f71bdcf9a30f38d48282f5d3c95cbf9b3fa57269bb5d5c06828"

[[package]]
name = "magma"
version = "0.10.0-pre.2"
source = "git+https://github.com/RustCrypto/block-ciphers.git#bb7623cf85b416c8c61d89dd11573e6e7f961720"
dependencies = [
 "cipher",
]

[[package]]
name = "ofb"
version = "0.7.0-pre"
dependencies = [
 "aes",
 "cipher",
 "hex-literal",
]

[[package]]
name = "pcbc"
version = "0.2.0-pre"
dependencies = [
 "aes",
 "cipher",
 "hex-literal",
]

[[package]]
name = "typenum"
version = "1.17.0"
source = "registry+https://github.com/rust-lang/crates.io-index"
checksum = "42ff0bf0c66b8238c6f3b578df37d0b7848e55df8577b3f74f92a69acceeb825"

[[package]]
name = "zeroize"
version = "1.8.1"
source = "registry+https://github.com/rust-lang/crates.io-index"
checksum = "ced3678a2879b30306d323f4542626697a464a97c0a07c9aebf7ebca65cd4dde"
